
Microsoft Visual Studio Solution File, Format Version 12.00
# Visual Studio 15
VisualStudioVersion = 15.0.27703.2042
MinimumVisualStudioVersion = 10.0.40219.1
Project("{FAE04EC0-301F-11D3-BF4B-00C04F79EFBC}") = "ConsoleApp1", "ConsoleApp1\ConsoleApp1.csproj", "{9A01B02F-8FE1-4050-8E94-5F0BFC07E1F5}"
EndProject
Global
	GlobalSection(SolutionConfigurationPlatforms) = preSolution
		Debug|Any CPU = Debug|Any CPU
		Release|Any CPU = Release|Any CPU
	EndGlobalSection
	GlobalSection(ProjectConfigurationPlatforms) = postSolution
		{9A01B02F-8FE1-4050-8E94-5F0BFC07E1F5}.Debug|Any CPU.ActiveCfg = Debug|Any CPU
		{9A01B02F-8FE1-4050-8E94-5F0BFC07E1F5}.Debug|Any CPU.Build.0 = Debug|Any CPU
		{9A01B02F-8FE1-4050-8E94-5F0BFC07E1F5}.Release|Any CPU.ActiveCfg = Release|Any CPU
		{9A01B02F-8FE1-4050-8E94-5F0BFC07E1F5}.Release|Any CPU.Build.0 = Release|Any CPU
	EndGlobalSection
	GlobalSection(SolutionProperties) = preSolution
		HideSolutionNode = FALSE
	EndGlobalSection
	GlobalSection(ExtensibilityGlobals) = postSolution
		SolutionGuid = {F451F77B-7B47-4C0A-981A-AA156B82A702}
	EndGlobalSection
EndGlobal
